{
  "name": "animted-diagram",
  "version": "1.0.0",
  "lockfileVersion": 3,
  "requires": true,
  "packages": {
    "": {
      "name": "animted-diagram",
      "version": "1.0.0",
      "license": "MIT",
      "workspaces": [
        "packages/*"
      ],
      "bin": {
        "animated-diagram": "packages/cli/src/cli.js",
        "animted-diagram": "packages/cli/src/cli.js"
      },
      "engines": {
        "node": ">=20"
      }
    },
    "node_modules/@animted-diagram/adapter-diagram-design": {
      "resolved": "packages/adapter-diagram-design",
      "link": true
    },
    "node_modules/@animted-diagram/cli": {
      "resolved": "packages/cli",
      "link": true
    },
    "node_modules/@animted-diagram/core": {
      "resolved": "packages/core",
      "link": true
    },
    "node_modules/@animted-diagram/graph": {
      "resolved": "packages/graph",
      "link": true
    },
    "node_modules/@animted-diagram/importers": {
      "resolved": "packages/importers",
      "link": true
    },
    "node_modules/@animted-diagram/integrations": {
      "resolved": "packages/integrations",
      "link": true
    },
    "node_modules/@animted-diagram/planner": {
      "resolved": "packages/planner",
      "link": true
    },
    "node_modules/@animted-diagram/plugins": {
      "resolved": "packages/plugins",
      "link": true
    },
    "node_modules/@animted-diagram/runtime": {
      "resolved": "packages/runtime",
      "link": true
    },
    "node_modules/@animted-diagram/svg": {
      "resolved": "packages/svg",
      "link": true
    },
    "packages/adapter-diagram-design": {
      "name": "@animted-diagram/adapter-diagram-design",
      "version": "1.0.0",
      "license": "MIT",
      "dependencies": {
        "@animted-diagram/graph": "1.0.0",
        "@animted-diagram/planner": "1.0.0",
        "@animted-diagram/runtime": "1.0.0"
      }
    },
    "packages/cli": {
      "name": "@animted-diagram/cli",
      "version": "1.0.0",
      "license": "MIT",
      "dependencies": {
        "@animted-diagram/adapter-diagram-design": "1.0.0",
        "@animted-diagram/core": "1.0.0",
        "@animted-diagram/importers": "1.0.0"
      },
      "bin": {
        "animated-diagram": "src/cli.js",
        "animted-diagram": "src/cli.js"
      }
    },
    "packages/core": {
      "name": "@animted-diagram/core",
      "version": "1.0.0",
      "license": "MIT",
      "dependencies": {
        "@animted-diagram/graph": "1.0.0",
        "@animted-diagram/planner": "1.0.0",
        "@animted-diagram/plugins": "1.0.0",
        "@animted-diagram/svg": "1.0.0"
      }
    },
    "packages/graph": {
      "name": "@animted-diagram/graph",
      "version": "1.0.0",
      "license": "MIT"
    },
    "packages/importers": {
      "name": "@animted-diagram/importers",
      "version": "1.0.0",
      "license": "MIT",
      "dependencies": {
        "@animted-diagram/graph": "1.0.0"
      }
    },
    "packages/integrations": {
      "name": "@animted-diagram/integrations",
      "version": "1.0.0",
      "license": "MIT",
      "dependencies": {
        "@animted-diagram/core": "1.0.0"
      }
    },
    "packages/planner": {
      "name": "@animted-diagram/planner",
      "version": "1.0.0",
      "license": "MIT",
      "dependencies": {
        "@animted-diagram/graph": "1.0.0"
      }
    },
    "packages/plugins": {
      "name": "@animted-diagram/plugins",
      "version": "1.0.0",
      "license": "MIT"
    },
    "packages/runtime": {
      "name": "@animted-diagram/runtime",
      "version": "1.0.0",
      "license": "MIT"
    },
    "packages/svg": {
      "name": "@animted-diagram/svg",
      "version": "1.0.0",
      "license": "MIT",
      "dependencies": {
        "@animted-diagram/graph": "1.0.0",
        "@animted-diagram/runtime": "1.0.0"
      }
    }
  }
}
